
Microsoft Visual Studio Solution File, Format Version 12.00
# Visual Studio Version 17
VisualStudioVersion = 17.0.32112.339
MinimumVisualStudioVersion = 10.0.40219.1
Project("{9A19103F-16F7-4668-BE54-9A1E7A4F7556}") = "JHipster.NetLite.Core", "JHipster.NetLite.Core\JHipster.NetLite.Core.csproj", "{47D4CC95-5B2F-490F-BE03-ABE5FB753412}"
EndProject
Project("{9A19103F-16F7-4668-BE54-9A1E7A4F7556}") = "JHipster.NetLite.WebAPI", "JHipster.NetLite.WebAPI\JHipster.NetLite.WebAPI.csproj", "{A0B1C214-AC14-4089-8EE5-FF3E79FFC332}"
EndProject
Project("{FAE04EC0-301F-11D3-BF4B-00C04F79EFBC}") = "JHipster.NetLite.Application", "JHipster.NetLite.Application\JHipster.NetLite.Application.csproj", "{F63C568A-AB92-4514-B576-BAD9568B237A}"
EndProject
Project("{FAE04EC0-301F-11D3-BF4B-00C04F79EFBC}") = "JHipster.NetLite.Domain", "JHipster.NetLite.Domain\JHipster.NetLite.Domain.csproj", "{5A9B7224-5FEB-4BC2-82E9-FAA43E487FA3}"
EndProject
Global
	GlobalSection(SolutionConfigurationPlatforms) = preSolution
		Debug|Any CPU = Debug|Any CPU
		Release|Any CPU = Release|Any CPU
	EndGlobalSection
	GlobalSection(ProjectConfigurationPlatforms) = postSolution
		{47D4CC95-5B2F-490F-BE03-ABE5FB753412}.Debug|Any CPU.ActiveCfg = Debug|Any CPU
		{47D4CC95-5B2F-490F-BE03-ABE5FB753412}.Debug|Any CPU.Build.0 = Debug|Any CPU
		{47D4CC95-5B2F-490F-BE03-ABE5FB753412}.Release|Any CPU.ActiveCfg = Release|Any CPU
		{47D4CC95-5B2F-490F-BE03-ABE5FB753412}.Release|Any CPU.Build.0 = Release|Any CPU
		{A0B1C214-AC14-4089-8EE5-FF3E79FFC332}.Debug|Any CPU.ActiveCfg = Debug|Any CPU
		{A0B1C214-AC14-4089-8EE5-FF3E79FFC332}.Debug|Any CPU.Build.0 = Debug|Any CPU
		{A0B1C214-AC14-4089-8EE5-FF3E79FFC332}.Release|Any CPU.ActiveCfg = Release|Any CPU
		{A0B1C214-AC14-4089-8EE5-FF3E79FFC332}.Release|Any CPU.Build.0 = Release|Any CPU
		{F63C568A-AB92-4514-B576-BAD9568B237A}.Debug|Any CPU.ActiveCfg = Debug|Any CPU
		{F63C568A-AB92-4514-B576-BAD9568B237A}.Debug|Any CPU.Build.0 = Debug|Any CPU
		{F63C568A-AB92-4514-B576-BAD9568B237A}.Release|Any CPU.ActiveCfg = Release|Any CPU
		{F63C568A-AB92-4514-B576-BAD9568B237A}.Release|Any CPU.Build.0 = Release|Any CPU
		{5A9B7224-5FEB-4BC2-82E9-FAA43E487FA3}.Debug|Any CPU.ActiveCfg = Debug|Any CPU
		{5A9B7224-5FEB-4BC2-82E9-FAA43E487FA3}.Debug|Any CPU.Build.0 = Debug|Any CPU
		{5A9B7224-5FEB-4BC2-82E9-FAA43E487FA3}.Release|Any CPU.ActiveCfg = Release|Any CPU
		{5A9B7224-5FEB-4BC2-82E9-FAA43E487FA3}.Release|Any CPU.Build.0 = Release|Any CPU
	EndGlobalSection
	GlobalSection(SolutionProperties) = preSolution
		HideSolutionNode = FALSE
	EndGlobalSection
	GlobalSection(ExtensibilityGlobals) = postSolution
		SolutionGuid = {B64C6192-A86D-4D08-AEA4-E7D5E3DE4503}
	EndGlobalSection
EndGlobal
